
Microsoft Visual Studio Solution File, Format Version 12.00
# Visual Studio Version 16
VisualStudioVersion = 16.0.33328.57
MinimumVisualStudioVersion = 10.0.40219.1
Project("{FAE04EC0-301F-11D3-BF4B-00C04F79EFBC}") = "Tema3II", "Tema3II.csproj", "{645DBC0A-A9EC-4A0E-B290-C20EAB6B28B6}"
EndProject
Global
	GlobalSection(SolutionConfigurationPlatforms) = preSolution
		Debug|Any CPU = Debug|Any CPU
		Release|Any CPU = Release|Any CPU
	EndGlobalSection
	GlobalSection(ProjectConfigurationPlatforms) = postSolution
		{645DBC0A-A9EC-4A0E-B290-C20EAB6B28B6}.Debug|Any CPU.ActiveCfg = Debug|Any CPU
		{645DBC0A-A9EC-4A0E-B290-C20EAB6B28B6}.Debug|Any CPU.Build.0 = Debug|Any CPU
		{645DBC0A-A9EC-4A0E-B290-C20EAB6B28B6}.Release|Any CPU.ActiveCfg = Release|Any CPU
		{645DBC0A-A9EC-4A0E-B290-C20EAB6B28B6}.Release|Any CPU.Build.0 = Release|Any CPU
	EndGlobalSection
	GlobalSection(SolutionProperties) = preSolution
		HideSolutionNode = FALSE
	EndGlobalSection
	GlobalSection(ExtensibilityGlobals) = postSolution
		SolutionGuid = {AB18F02F-1BED-4B02-B2F9-4DCEC701EF50}
	EndGlobalSection
EndGlobal
